Microsoft Visual Studio Solution File, Format Version 12.00
# TerraAuth - 服务端权威反作弊框架
# 单工程：全部分层源码合并到 TerraAuth.csproj（Protocol/Authority/Simulation/Net/Plugins/ModCompat/Concurrency/Core）
# Phases: 2(Authority) 3(Simulation) 4(Net/Snapshot) 5(Net/Host) 6(Infrastructure) 7(RedTeam)

Project("{FAE04EC0-301F-11D3-BF4B-00C04F79EFBC}") = "TerraAuth", "TerraAuth.csproj", "{10000000-0000-0000-0000-000000000008}"
EndProject
Project("{FAE04EC0-301F-11D3-BF4B-00C04F79EFBC}") = "TerraAuth.Tests", "Tests\TerraAuth.Tests.csproj", "{10000000-0000-0000-0000-000000000009}"
EndProject
Project("{FAE04EC0-301F-11D3-BF4B-00C04F79EFBC}") = "TerraAuth.ExamplePlugins", "Examples\TerraAuth.ExamplePlugins\TerraAuth.ExamplePlugins.csproj", "{10000000-0000-0000-0000-000000000010}"
EndProject

Global
	GlobalSection(SolutionConfigurationPlatforms) = preSolution
		Debug|Any CPU = Debug|Any CPU
		Release|Any CPU = Release|Any CPU
	EndGlobalSection

	GlobalSection(ProjectConfigurationPlatforms) = preSolution
		{10000000-0000-0000-0000-000000000008}.Debug|Any CPU.ActiveCfg = Debug|Any CPU
		{10000000-0000-0000-0000-000000000008}.Debug|Any CPU.Build.0 = Debug|Any CPU
		{10000000-0000-0000-0000-000000000008}.Release|Any CPU.ActiveCfg = Release|Any CPU
		{10000000-0000-0000-0000-000000000008}.Release|Any CPU.Build.0 = Release|Any CPU
		{10000000-0000-0000-0000-000000000009}.Debug|Any CPU.ActiveCfg = Debug|Any CPU
		{10000000-0000-0000-0000-000000000009}.Debug|Any CPU.Build.0 = Debug|Any CPU
		{10000000-0000-0000-0000-000000000009}.Release|Any CPU.ActiveCfg = Release|Any CPU
		{10000000-0000-0000-0000-000000000009}.Release|Any CPU.Build.0 = Release|Any CPU
		{10000000-0000-0000-0000-000000000010}.Debug|Any CPU.ActiveCfg = Debug|Any CPU
		{10000000-0000-0000-0000-000000000010}.Debug|Any CPU.Build.0 = Debug|Any CPU
		{10000000-0000-0000-0000-000000000010}.Release|Any CPU.ActiveCfg = Release|Any CPU
		{10000000-0000-0000-0000-000000000010}.Release|Any CPU.Build.0 = Release|Any CPU
	EndGlobalSection

	GlobalSection(SolutionItems) = preSolution
		README.md = README.md
		architecture.md = architecture.md
	EndGlobalSection
EndGlobal
